{
  "name": "@markkuhn/express-rate-limiter",
  "version": "1.1.0",
  "lockfileVersion": 1,
  "requires": true,
  "dependencies": {
    "async-mutex": {
      "version": "0.2.4",
      "resolved": "https://registry.npmjs.org/async-mutex/-/async-mutex-0.2.4.tgz",
      "integrity": "sha512-fcQKOXUKMQc57JlmjBCHtkKNrfGpHyR7vu18RfuLfeTAf4hK9PgOadPR5cDrBQ682zasrLUhJFe7EKAHJOduDg==",
      "requires": {
        "tslib": "^2.0.0"
      }
    },
    "tslib": {
      "version": "2.0.1",
      "resolved": "https://registry.npmjs.org/tslib/-/tslib-2.0.1.tgz",
      "integrity": "sha512-SgIkNheinmEBgx1IUNirK0TUD4X9yjjBRTqqjggWCU3pUEqIk3/Uwl3yRixYKT6WjQuGiwDv4NomL3wqRCj+CQ=="
    }
  }
}
